// !$*UTF8*$!
{
	archiveVersion = 1;
	classes = {
	};
	objectVersion = 56;
	objects = {

/* Begin PBXBuildFile section */
		E607068828D77ED10047936E /* AppDelegate.swift in Sources */ = {isa = PBXBuildFile; fileRef = E607068728D77ED10047936E /* AppDelegate.swift */; };
		E607068A28D77ED10047936E /* SceneDelegate.swift in Sources */ = {isa = PBXBuildFile; fileRef = E607068928D77ED10047936E /* SceneDelegate.swift */; };
		E607068C28D77ED10047936E /* ViewController.swift in Sources */ = {isa = PBXBuildFile; fileRef = E607068B28D77ED10047936E /* ViewController.swift */; };
		E607068F28D77ED10047936E /* Main.storyboard in Resources */ = {isa = PBXBuildFile; fileRef = E607068D28D77ED10047936E /* Main.storyboard */; };
		E607069128D77ED30047936E /* Assets.xcassets in Resources */ = {isa = PBXBuildFile; fileRef = E607069028D77ED30047936E /* Assets.xcassets */; };
		E607069428D77ED30047936E /* LaunchScreen.storyboard in Resources */ = {isa = PBXBuildFile; fileRef = E607069228D77ED30047936E /* LaunchScreen.storyboard */; };
		E60706A128D799D70047936E /* WeatherManager.swift in Sources */ = {isa = PBXBuildFile; fileRef = E60706A028D799D70047936E /* WeatherManager.swift */; };
		E60706A328D799EF0047936E /* WeatherData.swift in Sources */ = {isa = PBXBuildFile; fileRef = E60706A228D799EF0047936E /* WeatherData.swift */; };
		E60706A528D79A060047936E /* CityWeatherData.swift in Sources */ = {isa = PBXBuildFile; fileRef = E60706A428D79A060047936E /* CityWeatherData.swift */; };
		E6A14E3028D8ED5900A68D22 /* DetailViewController.swift in Sources */ = {isa = PBXBuildFile; fileRef = E6A14E2F28D8ED5900A68D22 /* DetailViewController.swift */; };
/* End PBXBuildFile section */

/* Begin PBXFileReference section */
		E607068428D77ED10047936E /* WeatherRadar.app */ = {isa = PBXFileReference; explicitFileType = wrapper.application; includeInIndex = 0; path = WeatherRadar.app; sourceTree = BUILT_PRODUCTS_DIR; };
		E607068728D77ED10047936E /* AppDelegate.swift */ = {isa = PBXFileReference; lastKnownFileType = sourcecode.swift; path = AppDelegate.swift; sourceTree = "<group>"; };
		E607068928D77ED10047936E /* SceneDelegate.swift */ = {isa = PBXFileReference; lastKnownFileType = sourcecode.swift; path = SceneDelegate.swift; sourceTree = "<group>"; };
		E607068B28D77ED10047936E /* ViewController.swift */ = {isa = PBXFileReference; lastKnownFileType = sourcecode.swift; path = ViewController.swift; sourceTree = "<group>"; };
		E607068E28D77ED10047936E /* Base */ = {isa = PBXFileReference; lastKnownFileType = file.storyboard; name = Base; path = Base.lproj/Main.storyboard; sourceTree = "<group>"; };
		E607069028D77ED30047936E /* Assets.xcassets */ = {isa = PBXFileReference; lastKnownFileType = folder.assetcatalog; path = Assets.xcassets; sourceTree = "<group>"; };
		E607069328D77ED30047936E /* Base */ = {isa = PBXFileReference; lastKnownFileType = file.storyboard; name = Base; path = Base.lproj/LaunchScreen.storyboard; sourceTree = "<group>"; };
		E607069528D77ED30047936E /* Info.plist */ = {isa = PBXFileReference; lastKnownFileType = text.plist.xml; path = Info.plist; sourceTree = "<group>"; };
		E60706A028D799D70047936E /* WeatherManager.swift */ = {isa = PBXFileReference; lastKnownFileType = sourcecode.swift; path = WeatherManager.swift; sourceTree = "<group>"; };
		E60706A228D799EF0047936E /* WeatherData.swift */ = {isa = PBXFileReference; lastKnownFileType = sourcecode.swift; path = WeatherData.swift; sourceTree = "<group>"; };
		E60706A428D79A060047936E /* CityWeatherData.swift */ = {isa = PBXFileReference; lastKnownFileType = sourcecode.swift; path = CityWeatherData.swift; sourceTree = "<group>"; };
		E6A14E2F28D8ED5900A68D22 /* DetailViewController.swift */ = {isa = PBXFileReference; lastKnownFileType = sourcecode.swift; path = DetailViewController.swift; sourceTree = "<group>"; };
/* End PBXFileReference section */

/* Begin PBXFrameworksBuildPhase section */
		E607068128D77ED10047936E /* Frameworks */ = {
			isa = PBXFrameworksBuildPhase;
			buildActionMask = 2147483647;
			files = (
			);
			runOnlyForDeploymentPostprocessing = 0;
		};
/* End PBXFrameworksBuildPhase section */

/* Begin PBXGroup section */
		E607067B28D77ED10047936E = {
			isa = PBXGroup;
			children = (
				E607068628D77ED10047936E /* WeatherRadar */,
				E607068528D77ED10047936E /* Products */,
			);
			sourceTree = "<group>";
		};
		E607068528D77ED10047936E /* Products */ = {
			isa = PBXGroup;
			children = (
				E607068428D77ED10047936E /* WeatherRadar.app */,
			);
			name = Products;
			sourceTree = "<group>";
		};
		E607068628D77ED10047936E /* WeatherRadar */ = {
			isa = PBXGroup;
			children = (
				E607069F28D799950047936E /* View */,
				E607069E28D7998D0047936E /* Controller */,
				E607069D28D799880047936E /* Model */,
				E607068728D77ED10047936E /* AppDelegate.swift */,
				E607068928D77ED10047936E /* SceneDelegate.swift */,
				E607069028D77ED30047936E /* Assets.xcassets */,
				E607069228D77ED30047936E /* LaunchScreen.storyboard */,
				E607069528D77ED30047936E /* Info.plist */,
			);
			path = WeatherRadar;
			sourceTree = "<group>";
		};
		E607069D28D799880047936E /* Model */ = {
			isa = PBXGroup;
			children = (
				E60706A028D799D70047936E /* WeatherManager.swift */,
				E60706A228D799EF0047936E /* WeatherData.swift */,
				E60706A428D79A060047936E /* CityWeatherData.swift */,
			);
			path = Model;
			sourceTree = "<group>";
		};
		E607069E28D7998D0047936E /* Controller */ = {
			isa = PBXGroup;
			children = (
				E607068B28D77ED10047936E /* ViewController.swift */,
				E6A14E2F28D8ED5900A68D22 /* DetailViewController.swift */,
			);
			path = Controller;
			sourceTree = "<group>";
		};
		E607069F28D799950047936E /* View */ = {
			isa = PBXGroup;
			children = (
				E607068D28D77ED10047936E /* Main.storyboard */,
			);
			path = View;
			sourceTree = "<group>";
		};
/* End PBXGroup section */

/* Begin PBXNativeTarget section */
		E607068328D77ED10047936E /* WeatherRadar */ = {
			isa = PBXNativeTarget;
			buildConfigurationList = E607069828D77ED30047936E /* Build configuration list for PBXNativeTarget "WeatherRadar" */;
			buildPhases = (
				E607068028D77ED10047936E /* Sources */,
				E607068128D77ED10047936E /* Frameworks */,
				E607068228D77ED10047936E /* Resources */,
			);
			buildRules = (
			);
			dependencies = (
			);
			name = WeatherRadar;
			productName = WeatherRadar;
			productReference = E607068428D77ED10047936E /* WeatherRadar.app */;
			productType = "com.apple.product-type.application";
		};
/* End PBXNativeTarget section */

/* Begin PBXProject section */
		E607067C28D77ED10047936E /* Project object */ = {
			isa = PBXProject;
			attributes = {
				BuildIndependentTargetsInParallel = 1;
				LastSwiftUpdateCheck = 1400;
				LastUpgradeCheck = 1400;
				TargetAttributes = {
					E607068328D77ED10047936E = {
						CreatedOnToolsVersion = 14.0;
					};
				};
			};
			buildConfigurationList = E607067F28D77ED10047936E /* Build configuration list for PBXProject "WeatherRadar" */;
			compatibilityVersion = "Xcode 14.0";
			developmentRegion = en;
			hasScannedForEncodings = 0;
			knownRegions = (
				en,
				Base,
			);
			mainGroup = E607067B28D77ED10047936E;
			productRefGroup = E607068528D77ED10047936E /* Products */;
			projectDirPath = "";
			projectRoot = "";
			targets = (
				E607068328D77ED10047936E /* WeatherRadar */,
			);
		};
/* End PBXProject section */

/* Begin PBXResourcesBuildPhase section */
		E607068228D77ED10047936E /* Resources */ = {
			isa = PBXResourcesBuildPhase;
			buildActionMask = 2147483647;
			files = (
				E607069428D77ED30047936E /* LaunchScreen.storyboard in Resources */,
				E607069128D77ED30047936E /* Assets.xcassets in Resources */,
				E607068F28D77ED10047936E /* Main.storyboard in Resources */,
			);
			runOnlyForDeploymentPostprocessing = 0;
		};
/* End PBXResourcesBuildPhase section */

/* Begin PBXSourcesBuildPhase section */
		E607068028D77ED10047936E /* Sources */ = {
			isa = PBXSourcesBuildPhase;
			buildActionMask = 2147483647;
			files = (
				E607068C28D77ED10047936E /* ViewController.swift in Sources */,
				E60706A528D79A060047936E /* CityWeatherData.swift in Sources */,
				E60706A328D799EF0047936E /* WeatherData.swift in Sources */,
				E607068828D77ED10047936E /* AppDelegate.swift in Sources */,
				E60706A128D799D70047936E /* WeatherManager.swift in Sources */,
				E607068A28D77ED10047936E /* SceneDelegate.swift in Sources */,
				E6A14E3028D8ED5900A68D22 /* DetailViewController.swift in Sources */,
			);
			runOnlyForDeploymentPostprocessing = 0;
		};
/* End PBXSourcesBuildPhase section */

/* Begin PBXVariantGroup section */
		E607068D28D77ED10047936E /* Main.storyboard */ = {
			isa = PBXVariantGroup;
			children = (
				E607068E28D77ED10047936E /* Base */,
			);
			name = Main.storyboard;
			sourceTree = "<group>";
		};
		E607069228D77ED30047936E /* LaunchScreen.storyboard */ = {
			isa = PBXVariantGroup;
			children = (
				E607069328D77ED30047936E /* Base */,
			);
			name = LaunchScreen.storyboard;
			sourceTree = "<group>";
		};
/* End PBXVariantGroup section */

/* Begin XCBuildConfiguration section */
		E607069628D77ED30047936E /* Debug */ = {
			isa = XCBuildConfiguration;
			buildSettings = {
				ALWAYS_SEARCH_USER_PATHS = NO;
				CLANG_ANALYZER_NONNULL = YES;
				CLANG_ANALYZER_NUMBER_OBJECT_CONVERSION = YES_AGGRESSIVE;
				CLANG_CXX_LANGUAGE_STANDARD = "gnu++20";
				CLANG_ENABLE_MODULES = YES;
				CLANG_ENABLE_OBJC_ARC = YES;
				CLANG_ENABLE_OBJC_WEAK = YES;
				CLANG_WARN_BLOCK_CAPTURE_AUTORELEASING = YES;
				CLANG_WARN_BOOL_CONVERSION = YES;
				CLANG_WARN_COMMA = YES;
				CLANG_WARN_CONSTANT_CONVERSION = YES;
				CLANG_WARN_DEPRECATED_OBJC_IMPLEMENTATIONS = YES;
				CLANG_WARN_DIRECT_OBJC_ISA_USAGE = YES_ERROR;
				CLANG_WARN_DOCUMENTATION_COMMENTS = YES;
				CLANG_WARN_EMPTY_BODY = YES;
				CLANG_WARN_ENUM_CONVERSION = YES;
				CLANG_WARN_INFINITE_RECURSION = YES;
				CLANG_WARN_INT_CONVERSION = YES;
				CLANG_WARN_NON_LITERAL_NULL_CONVERSION = YES;
				CLANG_WARN_OBJC_IMPLICIT_RETAIN_SELF = YES;
				CLANG_WARN_OBJC_LITERAL_CONVERSION = YES;
				CLANG_WARN_OBJC_ROOT_CLASS = YES_ERROR;
				CLANG_WARN_QUOTED_INCLUDE_IN_FRAMEWORK_HEADER = YES;
				CLANG_WARN_RANGE_LOOP_ANALYSIS = YES;
				CLANG_WARN_STRICT_PROTOTYPES = YES;
				CLANG_WARN_SUSPICIOUS_MOVE = YES;
				CLANG_WARN_UNGUARDED_AVAILABILITY = YES_AGGRESSIVE;
				CLANG_WARN_UNREACHABLE_CODE = YES;
				CLANG_WARN__DUPLICATE_METHOD_MATCH = YES;
				COPY_PHASE_STRIP = NO;
				DEBUG_INFORMATION_FORMAT = dwarf;
				ENABLE_STRICT_OBJC_MSGSEND = YES;
				ENABLE_TESTABILITY = YES;
				GCC_C_LANGUAGE_STANDARD = gnu11;
				GCC_DYNAMIC_NO_PIC = NO;
				GCC_NO_COMMON_BLOCKS = YES;
				GCC_OPTIMIZATION_LEVEL = 0;
				GCC_PREPROCESSOR_DEFINITIONS = (
					"DEBUG=1",
					"$(inherited)",
				);
				GCC_WARN_64_TO_32_BIT_CONVERSION = YES;
				GCC_WARN_ABOUT_RETURN_TYPE = YES_ERROR;
				GCC_WARN_UNDECLARED_SELECTOR = YES;
				GCC_WARN_UNINITIALIZED_AUTOS = YES_AGGRESSIVE;
				GCC_WARN_UNUSED_FUNCTION = YES;
				GCC_WARN_UNUSED_VARIABLE = YES;
				IPHONEOS_DEPLOYMENT_TARGET = 16.0;
				MTL_ENABLE_DEBUG_INFO = INCLUDE_SOURCE;
				MTL_FAST_MATH = YES;
				ONLY_ACTIVE_ARCH = YES;
				SDKROOT = iphoneos;
				SWIFT_ACTIVE_COMPILATION_CONDITIONS = DEBUG;
				SWIFT_OPTIMIZATION_LEVEL = "-Onone";
			};
			name = Debug;
		};
		E607069728D77ED30047936E /* Release */ = {
			isa = XCBuildConfiguration;
			buildSettings = {
				ALWAYS_SEARCH_USER_PATHS = NO;
				CLANG_ANALYZER_NONNULL = YES;
				CLANG_ANALYZER_NUMBER_OBJECT_CONVERSION = YES_AGGRESSIVE;
				CLANG_CXX_LANGUAGE_STANDARD = "gnu++20";
				CLANG_ENABLE_MODULES = YES;
				CLANG_ENABLE_OBJC_ARC = YES;
				CLANG_ENABLE_OBJC_WEAK = YES;
				CLANG_WARN_BLOCK_CAPTURE_AUTORELEASING = YES;
				CLANG_WARN_BOOL_CONVERSION = YES;
				CLANG_WARN_COMMA = YES;
				CLANG_WARN_CONSTANT_CONVERSION = YES;
				CLANG_WARN_DEPRECATED_OBJC_IMPLEMENTATIONS = YES;
				CLANG_WARN_DIRECT_OBJC_ISA_USAGE = YES_ERROR;
				CLANG_WARN_DOCUMENTATION_COMMENTS = YES;
				CLANG_WARN_EMPTY_BODY = YES;
				CLANG_WARN_ENUM_CONVERSION = YES;
				CLANG_WARN_INFINITE_RECURSION = YES;
				CLANG_WARN_INT_CONVERSION = YES;
				CLANG_WARN_NON_LITERAL_NULL_CONVERSION = YES;
				CLANG_WARN_OBJC_IMPLICIT_RETAIN_SELF = YES;
				CLANG_WARN_OBJC_LITERAL_CONVERSION = YES;
				CLANG_WARN_OBJC_ROOT_CLASS = YES_ERROR;
				CLANG_WARN_QUOTED_INCLUDE_IN_FRAMEWORK_HEADER = YES;
				CLANG_WARN_RANGE_LOOP_ANALYSIS = YES;
				CLANG_WARN_STRICT_PROTOTYPES = YES;
				CLANG_WARN_SUSPICIOUS_MOVE = YES;
				CLANG_WARN_UNGUARDED_AVAILABILITY = YES_AGGRESSIVE;
				CLANG_WARN_UNREACHABLE_CODE = YES;
				CLANG_WARN__DUPLICATE_METHOD_MATCH = YES;
				COPY_PHASE_STRIP = NO;
				DEBUG_INFORMATION_FORMAT = "dwarf-with-dsym";
				ENABLE_NS_ASSERTIONS = NO;
				ENABLE_STRICT_OBJC_MSGSEND = YES;
				GCC_C_LANGUAGE_STANDARD = gnu11;
				GCC_NO_COMMON_BLOCKS = YES;
				GCC_WARN_64_TO_32_BIT_CONVERSION = YES;
				GCC_WARN_ABOUT_RETURN_TYPE = YES_ERROR;
				GCC_WARN_UNDECLARED_SELECTOR = YES;
				GCC_WARN_UNINITIALIZED_AUTOS = YES_AGGRESSIVE;
				GCC_WARN_UNUSED_FUNCTION = YES;
				GCC_WARN_UNUSED_VARIABLE = YES;
				IPHONEOS_DEPLOYMENT_TARGET = 16.0;
				MTL_ENABLE_DEBUG_INFO = NO;
				MTL_FAST_MATH = YES;
				SDKROOT = iphoneos;
				SWIFT_COMPILATION_MODE = wholemodule;
				SWIFT_OPTIMIZATION_LEVEL = "-O";
				VALIDATE_PRODUCT = YES;
			};
			name = Release;
		};
		E607069928D77ED30047936E /* Debug */ = {
			isa = XCBuildConfiguration;
			buildSettings = {
				ASSETCATALOG_COMPILER_APPICON_NAME = AppIcon;
				ASSETCATALOG_COMPILER_GLOBAL_ACCENT_COLOR_NAME = AccentColor;
				CODE_SIGN_STYLE = Automatic;
				CURRENT_PROJECT_VERSION = 1;
				DEVELOPMENT_TEAM = 36MTHBUX62;
				GENERATE_INFOPLIST_FILE = YES;
				INFOPLIST_FILE = WeatherRadar/Info.plist;
				INFOPLIST_KEY_UIApplicationSupportsIndirectInputEvents = YES;
				INFOPLIST_KEY_UILaunchStoryboardName = LaunchScreen;
				INFOPLIST_KEY_UIMainStoryboardFile = Main;
				INFOPLIST_KEY_UISupportedInterfaceOrientations_iPad = "UIInterfaceOrientationPortrait UIInterfaceOrientationPortraitUpsideDown UIInterfaceOrientationLandscapeLeft UIInterfaceOrientationLandscapeRight";
				INFOPLIST_KEY_UISupportedInterfaceOrientations_iPhone = "UIInterfaceOrientationPortrait UIInterfaceOrientationLandscapeLeft UIInterfaceOrientationLandscapeRight";
				LD_RUNPATH_SEARCH_PATHS = (
					"$(inherited)",
					"@executable_path/Frameworks",
				);
				MARKETING_VERSION = 1.0;
				PRODUCT_BUNDLE_IDENTIFIER = com.nancy.WeatherRadar;
				PRODUCT_NAME = "$(TARGET_NAME)";
				SWIFT_EMIT_LOC_STRINGS = YES;
				SWIFT_VERSION = 5.0;
				TARGETED_DEVICE_FAMILY = "1,2";
			};
			name = Debug;
		};
		E607069A28D77ED30047936E /* Release */ = {
			isa = XCBuildConfiguration;
			buildSettings = {
				ASSETCATALOG_COMPILER_APPICON_NAME = AppIcon;
				ASSETCATALOG_COMPILER_GLOBAL_ACCENT_COLOR_NAME = AccentColor;
				CODE_SIGN_STYLE = Automatic;
				CURRENT_PROJECT_VERSION = 1;
				DEVELOPMENT_TEAM = 36MTHBUX62;
				GENERATE_INFOPLIST_FILE = YES;
				INFOPLIST_FILE = WeatherRadar/Info.plist;
				INFOPLIST_KEY_UIApplicationSupportsIndirectInputEvents = YES;
				INFOPLIST_KEY_UILaunchStoryboardName = LaunchScreen;
				INFOPLIST_KEY_UIMainStoryboardFile = Main;
				INFOPLIST_KEY_UISupportedInterfaceOrientations_iPad = "UIInterfaceOrientationPortrait UIInterfaceOrientationPortraitUpsideDown UIInterfaceOrientationLandscapeLeft UIInterfaceOrientationLandscapeRight";
				INFOPLIST_KEY_UISupportedInterfaceOrientations_iPhone = "UIInterfaceOrientationPortrait UIInterfaceOrientationLandscapeLeft UIInterfaceOrientationLandscapeRight";
				LD_RUNPATH_SEARCH_PATHS = (
					"$(inherited)",
					"@executable_path/Frameworks",
				);
				MARKETING_VERSION = 1.0;
				PRODUCT_BUNDLE_IDENTIFIER = com.nancy.WeatherRadar;
				PRODUCT_NAME = "$(TARGET_NAME)";
				SWIFT_EMIT_LOC_STRINGS = YES;
				SWIFT_VERSION = 5.0;
				TARGETED_DEVICE_FAMILY = "1,2";
			};
			name = Release;
		};
/* End XCBuildConfiguration section */

/* Begin XCConfigurationList section */
		E607067F28D77ED10047936E /* Build configuration list for PBXProject "WeatherRadar" */ = {
			isa = XCConfigurationList;
			buildConfigurations = (
				E607069628D77ED30047936E /* Debug */,
				E607069728D77ED30047936E /* Release */,
			);
			defaultConfigurationIsVisible = 0;
			defaultConfigurationName = Release;
		};
		E607069828D77ED30047936E /* Build configuration list for PBXNativeTarget "WeatherRadar" */ = {
			isa = XCConfigurationList;
			buildConfigurations = (
				E607069928D77ED30047936E /* Debug */,
				E607069A28D77ED30047936E /* Release */,
			);
			defaultConfigurationIsVisible = 0;
			defaultConfigurationName = Release;
		};
/* End XCConfigurationList section */
	};
	rootObject = E607067C28D77ED10047936E /* Project object */;
}
